# THIS IS AN AUTOGENERATED FILE. DO NOT EDIT THIS FILE DIRECTLY.
# yarn lockfile v1


"@zetachain/standard-contracts@^1.0.0-rc2":
  version "1.0.0-rc2"
  resolved "https://registry.npmjs.org/@zetachain/standard-contracts/-/standard-contracts-1.0.0-rc2.tgz"
  integrity sha512-C6P8e8lX/eDoi2+iUFOPnAU84Bp6NE+mgdSrdaSRqJZYBTDIfYm6OJ1zDQNMmSpTsr6REjrqkam/qZLhwV+5pg==

typescript@^5.7.3:
  version "5.7.3"
  resolved "https://registry.npmjs.org/typescript/-/typescript-5.7.3.tgz"
  integrity sha512-84MVSjMEHP+FQRPy3pX9sTVV/INIex71s9TL2Gm5FG/WG1SqXeKyZ0k7/blY/4FdOzI12CBy1vGc4og/eus0fw==
